
Microsoft Visual Studio Solution File, Format Version 12.00
# Visual Studio Version 17
VisualStudioVersion = 17.6.33829.357
MinimumVisualStudioVersion = 10.0.40219.1
Project("{9A19103F-16F7-4668-BE54-9A1E7A4F7556}") = "CROC", "CROC\CROC.csproj", "{5DA953DC-FD40-4A60-BCA3-461CD27D0E90}"
EndProject
Project("{FAE04EC0-301F-11D3-BF4B-00C04F79EFBC}") = "MyCalc", "MyCalc\MyCalc.csproj", "{0DC4AEA3-137C-4117-BD1D-86DFADEFF6CC}"
EndProject
Global
	GlobalSection(SolutionConfigurationPlatforms) = preSolution
		Debug|Any CPU = Debug|Any CPU
		Release|Any CPU = Release|Any CPU
	EndGlobalSection
	GlobalSection(ProjectConfigurationPlatforms) = postSolution
		{5DA953DC-FD40-4A60-BCA3-461CD27D0E90}.Debug|Any CPU.ActiveCfg = Debug|Any CPU
		{5DA953DC-FD40-4A60-BCA3-461CD27D0E90}.Debug|Any CPU.Build.0 = Debug|Any CPU
		{5DA953DC-FD40-4A60-BCA3-461CD27D0E90}.Release|Any CPU.ActiveCfg = Release|Any CPU
		{5DA953DC-FD40-4A60-BCA3-461CD27D0E90}.Release|Any CPU.Build.0 = Release|Any CPU
		{0DC4AEA3-137C-4117-BD1D-86DFADEFF6CC}.Debug|Any CPU.ActiveCfg = Debug|Any CPU
		{0DC4AEA3-137C-4117-BD1D-86DFADEFF6CC}.Debug|Any CPU.Build.0 = Debug|Any CPU
		{0DC4AEA3-137C-4117-BD1D-86DFADEFF6CC}.Release|Any CPU.ActiveCfg = Release|Any CPU
		{0DC4AEA3-137C-4117-BD1D-86DFADEFF6CC}.Release|Any CPU.Build.0 = Release|Any CPU
	EndGlobalSection
	GlobalSection(SolutionProperties) = preSolution
		HideSolutionNode = FALSE
	EndGlobalSection
	GlobalSection(ExtensibilityGlobals) = postSolution
		SolutionGuid = {72C04032-06AF-48B2-B887-E409EE0009E1}
	EndGlobalSection
EndGlobal
